
Microsoft Visual Studio Solution File, Format Version 12.00
# Visual Studio Version 17
VisualStudioVersion = 17.4.33213.308
MinimumVisualStudioVersion = 10.0.40219.1
Project("{FAE04EC0-301F-11D3-BF4B-00C04F79EFBC}") = "LAB2", "LAB2.csproj", "{A65CE15E-2907-4EDC-8B19-7A5645373E91}"
EndProject
Global
	GlobalSection(SolutionConfigurationPlatforms) = preSolution
		Debug|Any CPU = Debug|Any CPU
		Release|Any CPU = Release|Any CPU
	EndGlobalSection
	GlobalSection(ProjectConfigurationPlatforms) = postSolution
		{A65CE15E-2907-4EDC-8B19-7A5645373E91}.Debug|Any CPU.ActiveCfg = Debug|Any CPU
		{A65CE15E-2907-4EDC-8B19-7A5645373E91}.Debug|Any CPU.Build.0 = Debug|Any CPU
		{A65CE15E-2907-4EDC-8B19-7A5645373E91}.Release|Any CPU.ActiveCfg = Release|Any CPU
		{A65CE15E-2907-4EDC-8B19-7A5645373E91}.Release|Any CPU.Build.0 = Release|Any CPU
	EndGlobalSection
	GlobalSection(SolutionProperties) = preSolution
		HideSolutionNode = FALSE
	EndGlobalSection
	GlobalSection(ExtensibilityGlobals) = postSolution
		SolutionGuid = {56A2EB52-B19C-4F18-A095-B06D79C05F1A}
	EndGlobalSection
EndGlobal
